
Microsoft Visual Studio Solution File, Format Version 12.00
# Visual Studio 15
VisualStudioVersion = 15.0.28307.271
MinimumVisualStudioVersion = 10.0.40219.1
Project("{FAE04EC0-301F-11D3-BF4B-00C04F79EFBC}") = "leetcode", "leetcode\leetcode.csproj", "{1465EBEA-B5FE-47E8-8C6D-FD0DB3F0D954}"
EndProject
Global
	GlobalSection(SolutionConfigurationPlatforms) = preSolution
		Debug|Any CPU = Debug|Any CPU
		Release|Any CPU = Release|Any CPU
	EndGlobalSection
	GlobalSection(ProjectConfigurationPlatforms) = postSolution
		{1465EBEA-B5FE-47E8-8C6D-FD0DB3F0D954}.Debug|Any CPU.ActiveCfg = Debug|Any CPU
		{1465EBEA-B5FE-47E8-8C6D-FD0DB3F0D954}.Debug|Any CPU.Build.0 = Debug|Any CPU
		{1465EBEA-B5FE-47E8-8C6D-FD0DB3F0D954}.Release|Any CPU.ActiveCfg = Release|Any CPU
		{1465EBEA-B5FE-47E8-8C6D-FD0DB3F0D954}.Release|Any CPU.Build.0 = Release|Any CPU
	EndGlobalSection
	GlobalSection(SolutionProperties) = preSolution
		HideSolutionNode = FALSE
	EndGlobalSection
	GlobalSection(ExtensibilityGlobals) = postSolution
		SolutionGuid = {4B7BC352-D498-4FAF-AD7F-A5E1521B60EE}
	EndGlobalSection
EndGlobal
